github.com/google/go-cmp v0.6.0 h1:ofyhxvXcZhMsU5ulbFiLKl/XBFqE1GSq7atu8tAmTRI=
github.com/google/go-cmp v0.6.0/go.mod h1:17dUlkBOakJ0+DkrSSNjCkIjxS6bF9zb3elmeNGIjoY=
go.alis.build/utils v0.0.8 h1:xke8ykk6DOFUvFRULE9I3tjXV90yiglkgCCj4uVq5hY=
go.alis.build/utils v0.0.8/go.mod h1:SxBjyZS+XEPDgqFDiKP9/BGMio8Pl+vGSimZi8dKVyM=
google.golang.org/protobuf v1.34.2 h1:6xV6lTsCfpGD21XK49h7MhtcApnLqkfYgPcdHftf6hg=
google.golang.org/protobuf v1.34.2/go.mod h1:qYOHts0dSfpeUzUFpOMr/WGzszTmLH+DiWniOlNbLDw=
